Microsoft Visual Studio Solution File, Format Version 12.00
# Visual Studio Version 17
VisualStudioVersion = 17.0.31912.275
MinimumVisualStudioVersion = 10.0.40219.1
Project("{FAE04EC0-301F-11D3-BF4B-00C04F79EFBC}") = "GTA5ModdingUtilsGUI", "GTA5ModdingUtilsGUI\GTA5ModdingUtilsGUI.csproj", "{20EBFF53-7D2E-43AD-A50C-AA03C2939279}"
EndProject
Global
	GlobalSection(SolutionConfigurationPlatforms) = preSolution
		Debug|Any CPU = Debug|Any CPU
		Release|Any CPU = Release|Any CPU
	EndGlobalSection
	GlobalSection(ProjectConfigurationPlatforms) = postSolution
		{20EBFF53-7D2E-43AD-A50C-AA03C2939279}.Debug|Any CPU.ActiveCfg = Debug|Any CPU
		{20EBFF53-7D2E-43AD-A50C-AA03C2939279}.Debug|Any CPU.Build.0 = Debug|Any CPU
		{20EBFF53-7D2E-43AD-A50C-AA03C2939279}.Release|Any CPU.ActiveCfg = Release|Any CPU
		{20EBFF53-7D2E-43AD-A50C-AA03C2939279}.Release|Any CPU.Build.0 = Release|Any CPU
	EndGlobalSection
	GlobalSection(SolutionProperties) = preSolution
		HideSolutionNode = FALSE
	EndGlobalSection
	GlobalSection(ExtensibilityGlobals) = postSolution
		        SolutionGuid = {1D81D5ED-D820-4709-89FD-F224FE2FF801}
	EndGlobalSection
EndGlobal
